
Microsoft Visual Studio Solution File, Format Version 12.00
# Visual Studio Version 17
VisualStudioVersion = 17.6.33829.357
MinimumVisualStudioVersion = 10.0.40219.1
Project("{FAE04EC0-301F-11D3-BF4B-00C04F79EFBC}") = "Plugin_Prospecto", "Plugin_Prospecto.csproj", "{4ED0389E-4A02-4E09-8EC2-271B67D0CD61}"
EndProject
Global
	GlobalSection(SolutionConfigurationPlatforms) = preSolution
		Debug|Any CPU = Debug|Any CPU
		Release|Any CPU = Release|Any CPU
	EndGlobalSection
	GlobalSection(ProjectConfigurationPlatforms) = postSolution
		{4ED0389E-4A02-4E09-8EC2-271B67D0CD61}.Debug|Any CPU.ActiveCfg = Debug|Any CPU
		{4ED0389E-4A02-4E09-8EC2-271B67D0CD61}.Debug|Any CPU.Build.0 = Debug|Any CPU
		{4ED0389E-4A02-4E09-8EC2-271B67D0CD61}.Release|Any CPU.ActiveCfg = Release|Any CPU
		{4ED0389E-4A02-4E09-8EC2-271B67D0CD61}.Release|Any CPU.Build.0 = Release|Any CPU
	EndGlobalSection
	GlobalSection(SolutionProperties) = preSolution
		HideSolutionNode = FALSE
	EndGlobalSection
	GlobalSection(ExtensibilityGlobals) = postSolution
		SolutionGuid = {3FCF1847-C0F9-4468-B9B6-1DF56F74B305}
	EndGlobalSection
EndGlobal
